
Microsoft Visual Studio Solution File, Format Version 12.00
# Visual Studio Version 16
VisualStudioVersion = 16.0.30804.86
MinimumVisualStudioVersion = 10.0.40219.1
Project("{9A19103F-16F7-4668-BE54-9A1E7A4F7556}") = "RegularExpressionAndPatternsProgram", "RegularExpressionAndPatternsProgram.csproj", "{574F68C4-14BD-40D4-AD9B-AC0FD43FE33A}"
EndProject
Project("{FAE04EC0-301F-11D3-BF4B-00C04F79EFBC}") = "UserRegistrationUnitTestProject", "..\UserRegistrationUnitTestProject\UserRegistrationUnitTestProject.csproj", "{B8E4D41C-0BD6-4E4C-B05B-CA615EFF16B0}"
EndProject
Global
	GlobalSection(SolutionConfigurationPlatforms) = preSolution
		Debug|Any CPU = Debug|Any CPU
		Release|Any CPU = Release|Any CPU
	EndGlobalSection
	GlobalSection(ProjectConfigurationPlatforms) = postSolution
		{574F68C4-14BD-40D4-AD9B-AC0FD43FE33A}.Debug|Any CPU.ActiveCfg = Debug|Any CPU
		{574F68C4-14BD-40D4-AD9B-AC0FD43FE33A}.Debug|Any CPU.Build.0 = Debug|Any CPU
		{574F68C4-14BD-40D4-AD9B-AC0FD43FE33A}.Release|Any CPU.ActiveCfg = Release|Any CPU
		{574F68C4-14BD-40D4-AD9B-AC0FD43FE33A}.Release|Any CPU.Build.0 = Release|Any CPU
		{B8E4D41C-0BD6-4E4C-B05B-CA615EFF16B0}.Debug|Any CPU.ActiveCfg = Debug|Any CPU
		{B8E4D41C-0BD6-4E4C-B05B-CA615EFF16B0}.Debug|Any CPU.Build.0 = Debug|Any CPU
		{B8E4D41C-0BD6-4E4C-B05B-CA615EFF16B0}.Release|Any CPU.ActiveCfg = Release|Any CPU
		{B8E4D41C-0BD6-4E4C-B05B-CA615EFF16B0}.Release|Any CPU.Build.0 = Release|Any CPU
	EndGlobalSection
	GlobalSection(SolutionProperties) = preSolution
		HideSolutionNode = FALSE
	EndGlobalSection
	GlobalSection(ExtensibilityGlobals) = postSolution
		SolutionGuid = {C7862C90-2837-413B-9AAD-3C5F0E93F845}
	EndGlobalSection
EndGlobal
